
Microsoft Visual Studio Solution File, Format Version 12.00
# Visual Studio Version 17
VisualStudioVersion = 17.0.32014.148
MinimumVisualStudioVersion = 10.0.40219.1
Project("{FAE04EC0-301F-11D3-BF4B-00C04F79EFBC}") = "FirstApp", "FirstApp\FirstApp.csproj", "{257220A7-A072-4839-84C6-287F9C101DDC}"
EndProject
Global
	GlobalSection(SolutionConfigurationPlatforms) = preSolution
		Debug|Any CPU = Debug|Any CPU
		Release|Any CPU = Release|Any CPU
	EndGlobalSection
	GlobalSection(ProjectConfigurationPlatforms) = postSolution
		{257220A7-A072-4839-84C6-287F9C101DDC}.Debug|Any CPU.ActiveCfg = Debug|Any CPU
		{257220A7-A072-4839-84C6-287F9C101DDC}.Debug|Any CPU.Build.0 = Debug|Any CPU
		{257220A7-A072-4839-84C6-287F9C101DDC}.Release|Any CPU.ActiveCfg = Release|Any CPU
		{257220A7-A072-4839-84C6-287F9C101DDC}.Release|Any CPU.Build.0 = Release|Any CPU
	EndGlobalSection
	GlobalSection(SolutionProperties) = preSolution
		HideSolutionNode = FALSE
	EndGlobalSection
	GlobalSection(ExtensibilityGlobals) = postSolution
		SolutionGuid = {C49DE00D-4DD3-433A-94F3-07ACD8DCF10F}
	EndGlobalSection
EndGlobal
